
Microsoft Visual Studio Solution File, Format Version 12.00
# Visual Studio Version 16
VisualStudioVersion = 16.0.35026.282
MinimumVisualStudioVersion = 10.0.40219.1
Project("{FAE04EC0-301F-11D3-BF4B-00C04F79EFBC}") = "Entities", "Entities\Entities.csproj", "{8299ADF2-8FB0-43B9-AF8B-3EA969EAAA75}"
EndProject
Project("{FAE04EC0-301F-11D3-BF4B-00C04F79EFBC}") = "DataAccess", "DataAccess\DataAccess.csproj", "{BE618359-4B11-4411-8E95-439C2DFD32C8}"
EndProject
Project("{FAE04EC0-301F-11D3-BF4B-00C04F79EFBC}") = "Business", "Business\Business.csproj", "{EC4CAA69-EB8D-4C43-B8C9-A9BDD27D0516}"
EndProject
Project("{FAE04EC0-301F-11D3-BF4B-00C04F79EFBC}") = "Core", "Core\Core.csproj", "{91AF0455-1E1C-4653-8D02-A642C51DE353}"
EndProject
Project("{FAE04EC0-301F-11D3-BF4B-00C04F79EFBC}") = "WebAPI", "WebAPI\WebAPI.csproj", "{1E305246-D9AC-4671-B18E-1FAC81054472}"
EndProject
Global
	GlobalSection(SolutionConfigurationPlatforms) = preSolution
		Debug|Any CPU = Debug|Any CPU
		Release|Any CPU = Release|Any CPU
	EndGlobalSection
	GlobalSection(ProjectConfigurationPlatforms) = postSolution
		{8299ADF2-8FB0-43B9-AF8B-3EA969EAAA75}.Debug|Any CPU.ActiveCfg = Debug|Any CPU
		{8299ADF2-8FB0-43B9-AF8B-3EA969EAAA75}.Debug|Any CPU.Build.0 = Debug|Any CPU
		{8299ADF2-8FB0-43B9-AF8B-3EA969EAAA75}.Release|Any CPU.ActiveCfg = Release|Any CPU
		{8299ADF2-8FB0-43B9-AF8B-3EA969EAAA75}.Release|Any CPU.Build.0 = Release|Any CPU
		{BE618359-4B11-4411-8E95-439C2DFD32C8}.Debug|Any CPU.ActiveCfg = Debug|Any CPU
		{BE618359-4B11-4411-8E95-439C2DFD32C8}.Debug|Any CPU.Build.0 = Debug|Any CPU
		{BE618359-4B11-4411-8E95-439C2DFD32C8}.Release|Any CPU.ActiveCfg = Release|Any CPU
		{BE618359-4B11-4411-8E95-439C2DFD32C8}.Release|Any CPU.Build.0 = Release|Any CPU
		{EC4CAA69-EB8D-4C43-B8C9-A9BDD27D0516}.Debug|Any CPU.ActiveCfg = Debug|Any CPU
		{EC4CAA69-EB8D-4C43-B8C9-A9BDD27D0516}.Debug|Any CPU.Build.0 = Debug|Any CPU
		{EC4CAA69-EB8D-4C43-B8C9-A9BDD27D0516}.Release|Any CPU.ActiveCfg = Release|Any CPU
		{EC4CAA69-EB8D-4C43-B8C9-A9BDD27D0516}.Release|Any CPU.Build.0 = Release|Any CPU
		{91AF0455-1E1C-4653-8D02-A642C51DE353}.Debug|Any CPU.ActiveCfg = Debug|Any CPU
		{91AF0455-1E1C-4653-8D02-A642C51DE353}.Debug|Any CPU.Build.0 = Debug|Any CPU
		{91AF0455-1E1C-4653-8D02-A642C51DE353}.Release|Any CPU.ActiveCfg = Release|Any CPU
		{91AF0455-1E1C-4653-8D02-A642C51DE353}.Release|Any CPU.Build.0 = Release|Any CPU
		{1E305246-D9AC-4671-B18E-1FAC81054472}.Debug|Any CPU.ActiveCfg = Debug|Any CPU
		{1E305246-D9AC-4671-B18E-1FAC81054472}.Debug|Any CPU.Build.0 = Debug|Any CPU
		{1E305246-D9AC-4671-B18E-1FAC81054472}.Release|Any CPU.ActiveCfg = Release|Any CPU
		{1E305246-D9AC-4671-B18E-1FAC81054472}.Release|Any CPU.Build.0 = Release|Any CPU
	EndGlobalSection
	GlobalSection(SolutionProperties) = preSolution
		HideSolutionNode = FALSE
	EndGlobalSection
	GlobalSection(ExtensibilityGlobals) = postSolution
		SolutionGuid = {2DA5D12C-B9A2-4648-938E-42CBCEEF0BAD}
	EndGlobalSection
EndGlobal
